
Microsoft Visual Studio Solution File, Format Version 12.00
# Visual Studio Version 16
VisualStudioVersion = 16.0.30011.22
MinimumVisualStudioVersion = 10.0.40219.1
Project("{FAE04EC0-301F-11D3-BF4B-00C04F79EFBC}") = "EnableCode", "EnableCode\EnableCode.csproj", "{AA62BB0E-B068-494E-A556-E0FE7336E747}"
EndProject
Global
	GlobalSection(SolutionConfigurationPlatforms) = preSolution
		Debug|Any CPU = Debug|Any CPU
		Release|Any CPU = Release|Any CPU
	EndGlobalSection
	GlobalSection(ProjectConfigurationPlatforms) = postSolution
		{AA62BB0E-B068-494E-A556-E0FE7336E747}.Debug|Any CPU.ActiveCfg = Debug|Any CPU
		{AA62BB0E-B068-494E-A556-E0FE7336E747}.Debug|Any CPU.Build.0 = Debug|Any CPU
		{AA62BB0E-B068-494E-A556-E0FE7336E747}.Release|Any CPU.ActiveCfg = Release|Any CPU
		{AA62BB0E-B068-494E-A556-E0FE7336E747}.Release|Any CPU.Build.0 = Release|Any CPU
	EndGlobalSection
	GlobalSection(SolutionProperties) = preSolution
		HideSolutionNode = FALSE
	EndGlobalSection
	GlobalSection(ExtensibilityGlobals) = postSolution
		SolutionGuid = {63ABAEA4-E1C3-4D33-B54F-D66D17285540}
	EndGlobalSection
EndGlobal
